
Microsoft Visual Studio Solution File, Format Version 12.00
# Visual Studio Version 17
VisualStudioVersion = 17.2.32630.192
MinimumVisualStudioVersion = 10.0.40219.1
Project("{FAE04EC0-301F-11D3-BF4B-00C04F79EFBC}") = "REST_API", "REST_API\REST_API.csproj", "{DC4CCDCD-C047-4430-8534-F0B828AC52B3}"
EndProject
Global
	GlobalSection(SolutionConfigurationPlatforms) = preSolution
		Debug|Any CPU = Debug|Any CPU
		Release|Any CPU = Release|Any CPU
	EndGlobalSection
	GlobalSection(ProjectConfigurationPlatforms) = postSolution
		{DC4CCDCD-C047-4430-8534-F0B828AC52B3}.Debug|Any CPU.ActiveCfg = Debug|Any CPU
		{DC4CCDCD-C047-4430-8534-F0B828AC52B3}.Debug|Any CPU.Build.0 = Debug|Any CPU
		{DC4CCDCD-C047-4430-8534-F0B828AC52B3}.Release|Any CPU.ActiveCfg = Release|Any CPU
		{DC4CCDCD-C047-4430-8534-F0B828AC52B3}.Release|Any CPU.Build.0 = Release|Any CPU
	EndGlobalSection
	GlobalSection(SolutionProperties) = preSolution
		HideSolutionNode = FALSE
	EndGlobalSection
	GlobalSection(ExtensibilityGlobals) = postSolution
		SolutionGuid = {4CE73ACE-6A42-4992-B360-89A1A7515BBF}
	EndGlobalSection
EndGlobal
